{
  "name": "DXR",
  "version": "2.0.0",
  "lockfileVersion": 1,
  "requires": true,
  "dependencies": {
    "abbrev": {
      "version": "1.0.7",
      "resolved": "https://127.0.0.1:41507/abbrev/-/abbrev-1.0.7.tgz",
      "integrity": "sha1-W2A1su6dT7XPhZ8Iqb6BsghJGEM="
    },
    "ansi-green": {
      "version": "0.1.1",
      "resolved": "https://127.0.0.1:41507/ansi-green/-/ansi-green-0.1.1.tgz",
      "integrity": "sha1-il2al55FjVfEDjNYCzc5C44Q0Pc=",
      "dev": true,
      "requires": {
        "ansi-wrap": "0.1.0"
      }
    },
    "ansi-wrap": {
      "version": "0.1.0",
      "resolved": "https://127.0.0.1:41507/ansi-wrap/-/ansi-wrap-0.1.0.tgz",
      "integrity": "sha1-qCJQ3bABXponyoLoLqYDu/pF768=",
      "dev": true
    },
    "anymatch": {
      "version": "1.3.0",
      "resolved": "https://127.0.0.1:41507/anymatch/-/anymatch-1.3.0.tgz",
      "integrity": "sha1-o+Uvo5FoyCX/V7AkgSbOWo/5VQc=",
      "dev": true,
      "requires": {
        "arrify": "^1.0.0",
        "micromatch": "^2.1.5"
      }
    },
    "arr-diff": {
      "version": "1.1.0",
      "resolved": "https://127.0.0.1:41507/arr-diff/-/arr-diff-1.1.0.tgz",
      "integrity": "sha1-aHwydYFjWI/vfeezb6vklesaOZo=",
      "dev": true,
      "requires": {
        "arr-flatten": "^1.0.1",
        "array-slice": "^0.2.3"
      }
    },
    "arr-flatten": {
      "version": "1.0.1",
      "resolved": "https://127.0.0.1:41507/arr-flatten/-/arr-flatten-1.0.1.tgz",
      "integrity": "sha1-5f/lTUXhnzLyFukeuZyM6JK7YEs=",
      "dev": true
    },
    "array-slice": {
      "version": "0.2.3",
      "resolved": "https://127.0.0.1:41507/array-slice/-/array-slice-0.2.3.tgz",
      "integrity": "sha1-3Tz7gO15c6dRF82sabC5nshhhvU=",
      "dev": true
    },
    "array-unique": {
      "version": "0.2.1",
      "resolved": "https://127.0.0.1:41507/array-unique/-/array-unique-0.2.1.tgz",
      "integrity": "sha1-odl8yvy8JiXMcPrc6zalDFiwGlM=",
      "dev": true
    },
    "arrify": {
      "version": "1.0.0",
      "resolved": "https://127.0.0.1:41507/arrify/-/arrify-1.0.0.tgz",
      "integrity": "sha1-1sNhUYJQgC+iFH6n+2dZcSjLjIE=",
      "dev": true
    },
    "asap": {
      "version": "2.0.3",
      "resolved": "https://127.0.0.1:41507/asap/-/asap-2.0.3.tgz",
      "integrity": "sha1-H8HRVk7hFiDfym1nAphQkT+fRnk="
    },
    "async-each": {
      "version": "0.1.6",
      "resolved": "https://127.0.0.1:41507/async-each/-/async-each-0.1.6.tgz",
      "integrity": "sha1-tn6Z7c3fllQeRK9WKQzX1cbnBDk=",
      "dev": true
    },
    "balanced-match": {
      "version": "0.2.0",
      "resolved": "https://127.0.0.1:41507/balanced-match/-/balanced-match-0.2.0.tgz",
      "integrity": "sha1-OPZzDAOqttXtu1K9k0iF51bXFnQ="
    },
    "binary-extensions": {
      "version": "1.3.1",
      "resolved": "https://127.0.0.1:41507/binary-extensions/-/binary-extensions-1.3.1.tgz",
      "integrity": "sha1-Mt2e0qfGms7Fb3f2zYDfBD94d3o=",
      "dev": true
    },
    "brace-expansion": {
      "version": "1.1.0",
      "resolved": "https://127.0.0.1:41507/brace-expansion/-/brace-expansion-1.1.0.tgz",
      "integrity": "sha1-ybfQPAPze8cEvhAOUitA249s/Nk=",
      "requires": {
        "balanced-match": "^0.2.0",
        "concat-map": "0.0.1"
      }
    },
    "braces": {
      "version": "1.8.1",
      "resolved": "https://127.0.0.1:41507/braces/-/braces-1.8.1.tgz",
      "integrity": "sha1-LRlbhaCpl+whvnin8byXBICxKho=",
      "dev": true,
      "requires": {
        "expand-range": "^1.8.1",
        "lazy-cache": "^0.2.3",
        "preserve": "^0.2.0",
        "repeat-element": "^1.1.2"
      }
    },
    "chokidar": {
      "version": "1.0.5",
      "resolved": "https://127.0.0.1:41507/chokidar/-/chokidar-1.0.5.tgz",
      "integrity": "sha1-8pJ4o24XQ2XaVsytSI7KzOSJNJQ=",
      "dev": true,
      "requires": {
        "anymatch": "^1.1.0",
        "arrify": "^1.0.0",
        "async-each": "^0.1.5",
        "glob-parent": "^1.0.0",
        "is-binary-path": "^1.0.0",
        "is-glob": "^1.1.3",
        "path-is-absolute": "^1.0.0",
        "readdirp": "^1.3.0"
      }
    },
    "concat-map": {
      "version": "0.0.1",
      "resolved": "https://127.0.0.1:41507/concat-map/-/concat-map-0.0.1.tgz",
      "integrity": "sha1-2Klr13/Wjfd5OnMDajug1UBdR3s="
    },
    "config-chain": {
      "version": "1.1.9",
      "resolved": "https://127.0.0.1:41507/config-chain/-/config-chain-1.1.9.tgz",
      "integrity": "sha1-Oax9TcqE+q2SYSTFTP8lpTqov24=",
      "requires": {
        "ini": "1",
        "proto-list": "~1.2.1"
      }
    },
    "core-util-is": {
      "version": "1.0.1",
      "resolved": "https://127.0.0.1:41507/core-util-is/-/core-util-is-1.0.1.tgz",
      "integrity": "sha1-awcIWu+aPMrG7lO/nT3wwVIaVTg=",
      "dev": true
    },
    "debuglog": {
      "version": "1.0.1",
      "resolved": "https://127.0.0.1:41507/debuglog/-/debuglog-1.0.1.tgz",
      "integrity": "sha1-qiT/uaw9+aI1GDfPstJ5NgzXhJI="
    },
    "dezalgo": {
      "version": "1.0.3",
      "resolved": "https://127.0.0.1:41507/dezalgo/-/dezalgo-1.0.3.tgz",
      "integrity": "sha1-f3Qt4Gb8dIvI24IFad3c5Jvw1FY=",
      "requires": {
        "asap": "^2.0.0",
        "wrappy": "1"
      }
    },
    "expand-brackets": {
      "version": "0.1.4",
      "resolved": "https://127.0.0.1:41507/expand-brackets/-/expand-brackets-0.1.4.tgz",
      "integrity": "sha1-eXueSEEBIF9BjOyuxjEsEy9R4q4=",
      "dev": true
    },
    "expand-range": {
      "version": "1.8.1",
      "resolved": "https://127.0.0.1:41507/expand-range/-/expand-range-1.8.1.tgz",
      "integrity": "sha1-rL1j5W79kTlyK3VfCZudtawfM/Y=",
      "dev": true,
      "requires": {
        "fill-range": "^2.1.0"
      }
    },
    "extglob": {
      "version": "0.3.1",
      "resolved": "https://127.0.0.1:41507/extglob/-/extglob-0.3.1.tgz",
      "integrity": "sha1-TzEkHA3dyQrIxynLbXyHLe53yPU=",
      "dev": true,
      "requires": {
        "ansi-green": "^0.1.1",
        "is-extglob": "^1.0.0",
        "success-symbol": "^0.1.0"
      }
    },
    "filename-regex": {
      "version": "2.0.0",
      "resolved": "https://127.0.0.1:41507/filename-regex/-/filename-regex-2.0.0.tgz",
      "integrity": "sha1-mW4+gEebmLmJfxWopYs9CE6SZ3U=",
      "dev": true
    },
    "fill-range": {
      "version": "2.2.2",
      "resolved": "https://127.0.0.1:41507/fill-range/-/fill-range-2.2.2.tgz",
      "integrity": "sha1-KtnRWKamZvn7jJ+fBTRd/2jUV2A=",
      "dev": true,
      "requires": {
        "is-number": "^1.1.2",
        "isobject": "^1.0.0",
        "randomatic": "^1.1.0",
        "repeat-element": "^1.1.0",
        "repeat-string": "^1.5.2"
      }
    },
    "for-in": {
      "version": "0.1.4",
      "resolved": "https://127.0.0.1:41507/for-in/-/for-in-0.1.4.tgz",
      "integrity": "sha1-n1z3tP/H4a5lkaTpexd6pZ1w+y4=",
      "dev": true
    },
    "for-own": {
      "version": "0.1.3",
      "resolved": "https://127.0.0.1:41507/for-own/-/for-own-0.1.3.tgz",
      "integrity": "sha1-YGREzed8LwoRCIFp4uNU6vVudP4=",
      "dev": true,
      "requires": {
        "for-in": "^0.1.4"
      }
    },
    "github-url-from-git": {
      "version": "1.4.0",
      "resolved": "https://127.0.0.1:41507/github-url-from-git/-/github-url-from-git-1.4.0.tgz",
      "integrity": "sha1-KF5rUggZABveEoZ0cEN55P8D4N4="
    },
    "github-url-from-username-repo": {
      "version": "1.0.2",
      "resolved": "https://127.0.0.1:41507/github-url-from-username-repo/-/github-url-from-username-repo-1.0.2.tgz",
      "integrity": "sha1-fdeTMNKr5pwQws73lxTJchV5Hfo="
    },
    "glob": {
      "version": "5.0.14",
      "resolved": "https://127.0.0.1:41507/glob/-/glob-5.0.14.tgz",
      "integrity": "sha1-qBHVB6y2BUQe3WzSYio8bwbMAOE=",
      "requires": {
        "inflight": "^1.0.4",
        "inherits": "2",
        "minimatch": "^2.0.1",
        "once": "^1.3.0",
        "path-is-absolute": "^1.0.0"
      }
    },
    "glob-base": {
      "version": "0.2.0",
      "resolved": "https://127.0.0.1:41507/glob-base/-/glob-base-0.2.0.tgz",
      "integrity": "sha1-WdLzjDuihgrxSbaxdFEqFp6fGz0=",
      "dev": true,
      "requires": {
        "glob-parent": "^1.2.0"
      }
    },
    "glob-parent": {
      "version": "1.2.0",
      "resolved": "https://127.0.0.1:41507/glob-parent/-/glob-parent-1.2.0.tgz",
      "integrity": "sha1-je/6v2MX21sPd19VP6xzHs9B3tU=",
      "dev": true,
      "requires": {
        "is-glob": "^1.1.1"
      }
    },
    "graceful-fs": {
      "version": "3.0.8",
      "resolved": "https://127.0.0.1:41507/graceful-fs/-/graceful-fs-3.0.8.tgz",
      "integrity": "sha1-zoE+cl+oL35hR9UcmlymgnBVHCI="
    },
    "inflight": {
      "version": "1.0.4",
      "resolved": "https://127.0.0.1:41507/inflight/-/inflight-1.0.4.tgz",
      "integrity": "sha1-bLtFIevVHODsCpNr/XZX736bFyo=",
      "requires": {
        "once": "^1.3.0",
        "wrappy": "1"
      }
    },
    "inherits": {
      "version": "2.0.1",
      "resolved": "https://127.0.0.1:41507/inherits/-/inherits-2.0.1.tgz",
      "integrity": "sha1-sX0I0ya0Qj5Wjv9xn5GwscvfafE="
    },
    "ini": {
      "version": "1.3.4",
      "resolved": "https://127.0.0.1:41507/ini/-/ini-1.3.4.tgz",
      "integrity": "sha1-BTfLedr1m1mhpRff9wbIbsA5Fi4="
    },
    "is-binary-path": {
      "version": "1.0.1",
      "resolved": "https://127.0.0.1:41507/is-binary-path/-/is-binary-path-1.0.1.tgz",
      "integrity": "sha1-dfFmQrSA8YenEcgUFh/TpKdlWJg=",
      "dev": true,
      "requires": {
        "binary-extensions": "^1.0.0"
      }
    },
    "is-dotfile": {
      "version": "1.0.1",
      "resolved": "https://127.0.0.1:41507/is-dotfile/-/is-dotfile-1.0.1.tgz",
      "integrity": "sha1-OL7uRKeag1JCxszjKKiLft2sXV8=",
      "dev": true
    },
    "is-equal-shallow": {
      "version": "0.1.3",
      "resolved": "https://127.0.0.1:41507/is-equal-shallow/-/is-equal-shallow-0.1.3.tgz",
      "integrity": "sha1-IjgJj8Ih3gvPpdnqxMRdY4qhxTQ=",
      "dev": true,
      "requires": {
        "is-primitive": "^2.0.0"
      }
    },
    "is-extglob": {
      "version": "1.0.0",
      "resolved": "https://127.0.0.1:41507/is-extglob/-/is-extglob-1.0.0.tgz",
      "integrity": "sha1-rEaBd8SUNAWgkvyPKXYMb/xiBsA=",
      "dev": true
    },
    "is-glob": {
      "version": "1.1.3",
      "resolved": "https://127.0.0.1:41507/is-glob/-/is-glob-1.1.3.tgz",
      "integrity": "sha1-tMZLgwPTkRRJKkYNNkzPsNPAoEU=",
      "dev": true
    },
    "is-number": {
      "version": "1.1.2",
      "resolved": "https://127.0.0.1:41507/is-number/-/is-number-1.1.2.tgz",
      "integrity": "sha1-nYJAnzqKi+7PJJsbx9raSYKZZuQ=",
      "dev": true
    },
    "is-primitive": {
      "version": "2.0.0",
      "resolved": "https://127.0.0.1:41507/is-primitive/-/is-primitive-2.0.0.tgz",
      "integrity": "sha1-IHurkWOEmcB7Kt8kCkGochADRXU=",
      "dev": true
    },
    "isarray": {
      "version": "0.0.1",
      "resolved": "https://127.0.0.1:41507/isarray/-/isarray-0.0.1.tgz",
      "integrity": "sha1-ihis/Kmo9Bd+Cav8YDiTmwXR7t8=",
      "dev": true
    },
    "isobject": {
      "version": "1.0.2",
      "resolved": "https://127.0.0.1:41507/isobject/-/isobject-1.0.2.tgz",
      "integrity": "sha1-8Pm4zpLdVA+gdAiC44NaLgIux4o=",
      "dev": true
    },
    "jju": {
      "version": "1.2.0",
      "resolved": "https://127.0.0.1:41507/jju/-/jju-1.2.0.tgz",
      "integrity": "sha1-rdW1hv7IU7RJKdeL+Uhkq1d8Auk="
    },
    "json-parse-helpfulerror": {
      "version": "1.0.3",
      "resolved": "https://127.0.0.1:41507/json-parse-helpfulerror/-/json-parse-helpfulerror-1.0.3.tgz",
      "integrity": "sha1-E/FM4C7tTpgSl7ZOueO5MuLdE9w=",
      "requires": {
        "jju": "^1.1.0"
      }
    },
    "kind-of": {
      "version": "1.1.0",
      "resolved": "https://127.0.0.1:41507/kind-of/-/kind-of-1.1.0.tgz",
      "integrity": "sha1-FAo9LUGjbS78+pN3tiwk+ElaXEQ=",
      "dev": true
    },
    "lazy-cache": {
      "version": "0.2.3",
      "resolved": "https://127.0.0.1:41507/lazy-cache/-/lazy-cache-0.2.3.tgz",
      "integrity": "sha1-DzC+Yszh4CUDn5Ie/eXM4x8mJcg=",
      "dev": true
    },
    "lockdown": {
      "version": "0.0.6",
      "resolved": "https://127.0.0.1:41507/lockdown/-/lockdown-0.0.6.tgz",
      "integrity": "sha1-r6bvHIt9wKxeLE96CdgDYqd8Vw8=",
      "requires": {
        "npmconf": "1.1.5",
        "osenv": "0.1.0",
        "read-installed": "3.1.0"
      },
      "dependencies": {
        "npmconf": {
          "version": "1.1.5",
          "resolved": "https://127.0.0.1:41439/npmconf/-/npmconf-1.1.5.tgz",
          "integrity": "sha1-B3d76kjXju11pCWJYqCfPce2uRY=",
          "requires": {
            "config-chain": "~1.1.8",
            "inherits": "~2.0.0",
            "ini": "^1.2.0",
            "mkdirp": "^0.5.0",
            "nopt": "~3.0.1",
            "once": "~1.3.0",
            "osenv": "^0.1.0",
            "semver": "2",
            "uid-number": "0.0.5"
          }
        },
        "osenv": {
          "version": "0.1.0",
          "resolved": "https://127.0.0.1:41439/osenv/-/osenv-0.1.0.tgz",
          "integrity": "sha1-YWaBIe7FhJVQMLn0cLHSMJUEv8s="
        },
        "read-installed": {
          "version": "3.1.0",
          "resolved": "https://127.0.0.1:41439/read-installed/-/read-installed-3.1.0.tgz",
          "integrity": "sha1-RwdbqIKBR+1JUITfd58ppDKa098=",
          "requires": {
            "debuglog": "^1.0.1",
            "graceful-fs": "2 || 3",
            "read-package-json": "1",
            "readdir-scoped-modules": "^1.0.0",
            "semver": "2 || 3",
            "slide": "~1.1.3",
            "util-extend": "^1.0.1"
          }
        }
      }
    },
    "lru-cache": {
      "version": "2.6.5",
      "resolved": "https://127.0.0.1:41507/lru-cache/-/lru-cache-2.6.5.tgz",
      "integrity": "sha1-5W1jVBSO3o13B7WNFDIg/QjfD9U=",
      "dev": true
    },
    "micromatch": {
      "version": "2.2.0",
      "resolved": "https://127.0.0.1:41507/micromatch/-/micromatch-2.2.0.tgz",
      "integrity": "sha1-5ygb+XEQCCe4kON12ZTxIDSJj/U=",
      "dev": true,
      "requires": {
        "arr-diff": "^1.0.1",
        "array-unique": "^0.2.1",
        "braces": "^1.8.0",
        "expand-brackets": "^0.1.1",
        "extglob": "^0.3.0",
        "filename-regex": "^2.0.0",
        "is-glob": "^1.1.3",
        "kind-of": "^1.1.0",
        "object.omit": "^1.1.0",
        "parse-glob": "^3.0.1",
        "regex-cache": "^0.4.2"
      }
    },
    "minimatch": {
      "version": "2.0.10",
      "resolved": "https://127.0.0.1:41507/minimatch/-/minimatch-2.0.10.tgz",
      "integrity": "sha1-jQh8OcazjAAbl/ynzm0OHoCvusc=",
      "requires": {
        "brace-expansion": "^1.0.0"
      }
    },
    "minimist": {
      "version": "0.0.8",
      "resolved": "https://127.0.0.1:41507/minimist/-/minimist-0.0.8.tgz",
      "integrity": "sha1-hX/Kv8M5fSYluCKCYuhqp6ARsF0="
    },
    "mkdirp": {
      "version": "0.5.1",
      "resolved": "https://127.0.0.1:41507/mkdirp/-/mkdirp-0.5.1.tgz",
      "integrity": "sha1-MAV0OOrGz3+MR2fzhkjWaX11yQM=",
      "requires": {
        "minimist": "0.0.8"
      }
    },
    "nopt": {
      "version": "3.0.3",
      "resolved": "https://127.0.0.1:41507/nopt/-/nopt-3.0.3.tgz",
      "integrity": "sha1-Dpl48zAWuuC3XjdIwDu7tx2lxTA=",
      "requires": {
        "abbrev": "1"
      }
    },
    "normalize-package-data": {
      "version": "1.0.3",
      "resolved": "https://127.0.0.1:41507/normalize-package-data/-/normalize-package-data-1.0.3.tgz",
      "integrity": "sha1-i+lVuJB6+XXxpFhOqLubQUkjEvU=",
      "requires": {
        "github-url-from-git": "^1.3.0",
        "github-url-from-username-repo": "^1.0.0",
        "semver": "2 || 3 || 4"
      }
    },
    "nunjucks": {
      "version": "2.0.0",
      "resolved": "https://127.0.0.1:41507/nunjucks/-/nunjucks-2.0.0.tgz",
      "integrity": "sha1-EMUg768O+q3JemQbPiXor/2eAhc=",
      "dev": true,
      "requires": {
        "asap": "^2.0.3",
        "chokidar": "^1.0.0",
        "optimist": "*"
      }
    },
    "object.omit": {
      "version": "1.1.0",
      "resolved": "https://127.0.0.1:41507/object.omit/-/object.omit-1.1.0.tgz",
      "integrity": "sha1-nRfqFneOUFfeundSxvVfFJaCnpQ=",
      "dev": true,
      "requires": {
        "for-own": "^0.1.3",
        "isobject": "^1.0.0"
      }
    },
    "once": {
      "version": "1.3.2",
      "resolved": "https://127.0.0.1:41507/once/-/once-1.3.2.tgz",
      "integrity": "sha1-2P7sqTsDnsHc3ud0HJK9rF4oCBs=",
      "requires": {
        "wrappy": "1"
      }
    },
    "optimist": {
      "version": "0.6.1",
      "resolved": "https://127.0.0.1:41507/optimist/-/optimist-0.6.1.tgz",
      "integrity": "sha1-2j6nRob6IaGaERwybpDrFaAZZoY=",
      "dev": true,
      "requires": {
        "minimist": "~0.0.1",
        "wordwrap": "~0.0.2"
      }
    },
    "parse-glob": {
      "version": "3.0.2",
      "resolved": "https://127.0.0.1:41507/parse-glob/-/parse-glob-3.0.2.tgz",
      "integrity": "sha1-j2iDOhr4AbvLwdCgm3l1XWsRmNk=",
      "dev": true,
      "requires": {
        "glob-base": "^0.2.0",
        "is-dotfile": "^1.0.0",
        "is-extglob": "^1.0.0",
        "is-glob": "^1.1.3"
      }
    },
    "path-is-absolute": {
      "version": "1.0.0",
      "resolved": "https://127.0.0.1:41507/path-is-absolute/-/path-is-absolute-1.0.0.tgz",
      "integrity": "sha1-Jj2tpmqz8vsQv3+dJN2PPlcO+RI="
    },
    "preserve": {
      "version": "0.2.0",
      "resolved": "https://127.0.0.1:41507/preserve/-/preserve-0.2.0.tgz",
      "integrity": "sha1-gV7R9uvGWSb4ZbMQwHE7yzMVzks=",
      "dev": true
    },
    "proto-list": {
      "version": "1.2.4",
      "resolved": "https://127.0.0.1:41507/proto-list/-/proto-list-1.2.4.tgz",
      "integrity": "sha1-IS1b/hMYMGpCD2QCuOJv85ZHqEk="
    },
    "randomatic": {
      "version": "1.1.0",
      "resolved": "https://127.0.0.1:41507/randomatic/-/randomatic-1.1.0.tgz",
      "integrity": "sha1-LKNrn5N0eqyYXrJCdJr4i0XV1C0=",
      "dev": true,
      "requires": {
        "is-number": "^1.1.0",
        "kind-of": "^1.0.0"
      }
    },
    "read-package-json": {
      "version": "1.3.3",
      "resolved": "https://127.0.0.1:41507/read-package-json/-/read-package-json-1.3.3.tgz",
      "integrity": "sha1-73nf2kbhZTdu6KV++/7dTRsCm6Q=",
      "requires": {
        "glob": "^5.0.3",
        "graceful-fs": "2 || 3",
        "json-parse-helpfulerror": "^1.0.2",
        "normalize-package-data": "^1.0.0"
      }
    },
    "readable-stream": {
      "version": "1.0.33",
      "resolved": "https://127.0.0.1:41507/readable-stream/-/readable-stream-1.0.33.tgz",
      "integrity": "sha1-OjYN1mwbHX/UcFOJhg7aHQ9hEmw=",
      "dev": true,
      "requires": {
        "core-util-is": "~1.0.0",
        "inherits": "~2.0.1",
        "isarray": "0.0.1",
        "string_decoder": "~0.10.x"
      }
    },
    "readdir-scoped-modules": {
      "version": "1.0.1",
      "resolved": "https://127.0.0.1:41507/readdir-scoped-modules/-/readdir-scoped-modules-1.0.1.tgz",
      "integrity": "sha1-XCp38+CCUKj931P6WM3BeQC4CLk=",
      "requires": {
        "debuglog": "^1.0.1",
        "dezalgo": "^1.0.0",
        "graceful-fs": "^3.0.4",
        "once": "^1.3.0"
      }
    },
    "readdirp": {
      "version": "1.4.0",
      "resolved": "https://127.0.0.1:41507/readdirp/-/readdirp-1.4.0.tgz",
      "integrity": "sha1-xd5vyz3sgFI8HHARPxoZDYr4LIk=",
      "dev": true,
      "requires": {
        "graceful-fs": "~4.1.2",
        "minimatch": "~0.2.12",
        "readable-stream": "~1.0.26-2"
      },
      "dependencies": {
        "graceful-fs": {
          "version": "4.1.2",
          "resolved": "https://127.0.0.1:41507/graceful-fs/-/graceful-fs-4.1.2.tgz",
          "integrity": "sha1-/iI5t1dJcuZ+QfgIgj+b+kqZHjc=",
          "dev": true
        },
        "minimatch": {
          "version": "0.2.14",
          "resolved": "https://127.0.0.1:41507/minimatch/-/minimatch-0.2.14.tgz",
          "integrity": "sha1-x054BXT2PG+aCQ6Q775u9TpqdWo=",
          "dev": true,
          "requires": {
            "lru-cache": "2",
            "sigmund": "~1.0.0"
          }
        }
      }
    },
    "regex-cache": {
      "version": "0.4.2",
      "resolved": "https://127.0.0.1:41507/regex-cache/-/regex-cache-0.4.2.tgz",
      "integrity": "sha1-bk+Jwma8A8M/0SnAYhhGh/RmNIc=",
      "dev": true,
      "requires": {
        "is-equal-shallow": "^0.1.1",
        "is-primitive": "^2.0.0"
      }
    },
    "repeat-element": {
      "version": "1.1.2",
      "resolved": "https://127.0.0.1:41507/repeat-element/-/repeat-element-1.1.2.tgz",
      "integrity": "sha1-7wiaF40Ug7quTZPrmLT55OEdmQo=",
      "dev": true
    },
    "repeat-string": {
      "version": "1.5.2",
      "resolved": "https://127.0.0.1:41507/repeat-string/-/repeat-string-1.5.2.tgz",
      "integrity": "sha1-IQZfcHJ60FOg3V6VesngDHVg2Qo=",
      "dev": true
    },
    "semver": {
      "version": "2.3.2",
      "resolved": "https://127.0.0.1:41507/semver/-/semver-2.3.2.tgz",
      "integrity": "sha1-uYSPJdbPNjMwc+ye+IVtQvEjPlI="
    },
    "sigmund": {
      "version": "1.0.1",
      "resolved": "https://127.0.0.1:41507/sigmund/-/sigmund-1.0.1.tgz",
      "integrity": "sha1-P/IfGYytIXX587eBhT/ZTQ0ZtZA=",
      "dev": true
    },
    "slide": {
      "version": "1.1.6",
      "resolved": "https://127.0.0.1:41507/slide/-/slide-1.1.6.tgz",
      "integrity": "sha1-VusCfWW00tzmyy4tMsTUr8nh1wc="
    },
    "string_decoder": {
      "version": "0.10.31",
      "resolved": "https://127.0.0.1:41507/string_decoder/-/string_decoder-0.10.31.tgz",
      "integrity": "sha1-YuIDvEF2bGwoyfyEMB2rHFMQ+pQ=",
      "dev": true
    },
    "success-symbol": {
      "version": "0.1.0",
      "resolved": "https://127.0.0.1:41507/success-symbol/-/success-symbol-0.1.0.tgz",
      "integrity": "sha1-JAIuSG878c3KCUKDt2nEctO3KJc=",
      "dev": true
    },
    "uid-number": {
      "version": "0.0.5",
      "resolved": "https://127.0.0.1:41507/uid-number/-/uid-number-0.0.5.tgz",
      "integrity": "sha1-Wj2yPvXb1VuB/ODsmirG/M3ruB4="
    },
    "util-extend": {
      "version": "1.0.1",
      "resolved": "https://127.0.0.1:41507/util-extend/-/util-extend-1.0.1.tgz",
      "integrity": "sha1-u3A7eUgCk93Nz7PGqf6iD0g0Fbw="
    },
    "wordwrap": {
      "version": "0.0.3",
      "resolved": "https://127.0.0.1:41507/wordwrap/-/wordwrap-0.0.3.tgz",
      "integrity": "sha1-o9XabNXAvAAI03I0u68b7WMFkQc=",
      "dev": true
    },
    "wrappy": {
      "version": "1.0.1",
      "resolved": "https://127.0.0.1:41507/wrappy/-/wrappy-1.0.1.tgz",
      "integrity": "sha1-HmWWmWXMvC20VIxrhKbyxa7dRzk="
    }
  }
}
